// !$*UTF8*$!
{
	archiveVersion = 1;
	classes = {
	};
	objectVersion = 50;
	objects = {

/* Begin PBXBuildFile section */
		23A69DA3211C3CB6002729F0 /* main.m in Sources */ = {isa = PBXBuildFile; fileRef = 23A69DA2211C3CB6002729F0 /* main.m */; };
		23A69DB6211C3D36002729F0 /* sqlcipher.framework in Frameworks */ = {isa = PBXBuildFile; fileRef = 23A69DB0211C3D2C002729F0 /* sqlcipher.framework */; };
/* End PBXBuildFile section */

/* Begin PBXContainerItemProxy section */
		23A69DAF211C3D2C002729F0 /* PBXContainerItemProxy */ = {
			isa = PBXContainerItemProxy;
			containerPortal = 23A69DA9211C3D2C002729F0 /* sqlcipher.preprocessed.xcodeproj */;
			proxyType = 2;
			remoteGlobalIDString = 23F5BC4020887FAB000CCD37;
			remoteInfo = sqlcipher;
		};
		23A69DB1211C3D2C002729F0 /* PBXContainerItemProxy */ = {
			isa = PBXContainerItemProxy;
			containerPortal = 23A69DA9211C3D2C002729F0 /* sqlcipher.preprocessed.xcodeproj */;
			proxyType = 2;
			remoteGlobalIDString = 239325C81E836A7700D677CC;
			remoteInfo = "sqlcipher for Coverage";
		};
		23A69DB3211C3D32002729F0 /* PBXContainerItemProxy */ = {
			isa = PBXContainerItemProxy;
			containerPortal = 23A69DA9211C3D2C002729F0 /* sqlcipher.preprocessed.xcodeproj */;
			proxyType = 1;
			remoteGlobalIDString = 23F5BBCF20887FAB000CCD37;
			remoteInfo = sqlcipher;
		};
/* End PBXContainerItemProxy section */

/* Begin PBXCopyFilesBuildPhase section */
		23A69D9D211C3CB6002729F0 /* CopyFiles */ = {
			isa = PBXCopyFilesBuildPhase;
			buildActionMask = 2147483647;
			dstPath = /usr/share/man/man1/;
			dstSubfolderSpec = 0;
			files = (
			);
			runOnlyForDeploymentPostprocessing = 1;
		};
/* End PBXCopyFilesBuildPhase section */

/* Begin PBXFileReference section */
		23A69D9F211C3CB6002729F0 /* SQLiteBugOfUnionAll */ = {isa = PBXFileReference; explicitFileType = "compiled.mach-o.executable"; includeInIndex = 0; path = SQLiteBugOfUnionAll; sourceTree = BUILT_PRODUCTS_DIR; };
		23A69DA2211C3CB6002729F0 /* main.m */ = {isa = PBXFileReference; lastKnownFileType = sourcecode.c.objc; path = main.m; sourceTree = "<group>"; };
		23A69DA9211C3D2C002729F0 /* sqlcipher.preprocessed.xcodeproj */ = {isa = PBXFileReference; lastKnownFileType = "wrapper.pb-project"; name = sqlcipher.preprocessed.xcodeproj; path = sqlcipher/sqlcipher.preprocessed.xcodeproj; sourceTree = "<group>"; };
/* End PBXFileReference section */

/* Begin PBXFrameworksBuildPhase section */
		23A69D9C211C3CB6002729F0 /* Frameworks */ = {
			isa = PBXFrameworksBuildPhase;
			buildActionMask = 2147483647;
			files = (
				23A69DB6211C3D36002729F0 /* sqlcipher.framework in Frameworks */,
			);
			runOnlyForDeploymentPostprocessing = 0;
		};
/* End PBXFrameworksBuildPhase section */

/* Begin PBXGroup section */
		23A69D96211C3CB6002729F0 = {
			isa = PBXGroup;
			children = (
				23A69DA9211C3D2C002729F0 /* sqlcipher.preprocessed.xcodeproj */,
				23A69DA1211C3CB6002729F0 /* SQLiteBugOfUnionAll */,
				23A69DA0211C3CB6002729F0 /* Products */,
				23A69DB5211C3D36002729F0 /* Frameworks */,
			);
			sourceTree = "<group>";
		};
		23A69DA0211C3CB6002729F0 /* Products */ = {
			isa = PBXGroup;
			children = (
				23A69D9F211C3CB6002729F0 /* SQLiteBugOfUnionAll */,
			);
			name = Products;
			sourceTree = "<group>";
		};
		23A69DA1211C3CB6002729F0 /* SQLiteBugOfUnionAll */ = {
			isa = PBXGroup;
			children = (
				23A69DA2211C3CB6002729F0 /* main.m */,
			);
			path = SQLiteBugOfUnionAll;
			sourceTree = "<group>";
		};
		23A69DAA211C3D2C002729F0 /* Products */ = {
			isa = PBXGroup;
			children = (
				23A69DB0211C3D2C002729F0 /* sqlcipher.framework */,
				23A69DB2211C3D2C002729F0 /* sqlcipher.framework */,
			);
			name = Products;
			sourceTree = "<group>";
		};
		23A69DB5211C3D36002729F0 /* Frameworks */ = {
			isa = PBXGroup;
			children = (
			);
			name = Frameworks;
			sourceTree = "<group>";
		};
/* End PBXGroup section */

/* Begin PBXNativeTarget section */
		23A69D9E211C3CB6002729F0 /* SQLiteBugOfUnionAll */ = {
			isa = PBXNativeTarget;
			buildConfigurationList = 23A69DA6211C3CB6002729F0 /* Build configuration list for PBXNativeTarget "SQLiteBugOfUnionAll" */;
			buildPhases = (
				23A69D9B211C3CB6002729F0 /* Sources */,
				23A69D9C211C3CB6002729F0 /* Frameworks */,
				23A69D9D211C3CB6002729F0 /* CopyFiles */,
			);
			buildRules = (
			);
			dependencies = (
				23A69DB4211C3D32002729F0 /* PBXTargetDependency */,
			);
			name = SQLiteBugOfUnionAll;
			productName = SQLiteBugOfUnionAll;
			productReference = 23A69D9F211C3CB6002729F0 /* SQLiteBugOfUnionAll */;
			productType = "com.apple.product-type.tool";
		};
/* End PBXNativeTarget section */

/* Begin PBXProject section */
		23A69D97211C3CB6002729F0 /* Project object */ = {
			isa = PBXProject;
			attributes = {
				LastUpgradeCheck = 0940;
				ORGANIZATIONNAME = "sanhuazhang(张三华)";
				TargetAttributes = {
					23A69D9E211C3CB6002729F0 = {
						CreatedOnToolsVersion = 9.4.1;
					};
				};
			};
			buildConfigurationList = 23A69D9A211C3CB6002729F0 /* Build configuration list for PBXProject "SQLiteBugOfUnionAll" */;
			compatibilityVersion = "Xcode 9.3";
			developmentRegion = en;
			hasScannedForEncodings = 0;
			knownRegions = (
				en,
			);
			mainGroup = 23A69D96211C3CB6002729F0;
			productRefGroup = 23A69DA0211C3CB6002729F0 /* Products */;
			projectDirPath = "";
			projectReferences = (
				{
					ProductGroup = 23A69DAA211C3D2C002729F0 /* Products */;
					ProjectRef = 23A69DA9211C3D2C002729F0 /* sqlcipher.preprocessed.xcodeproj */;
				},
			);
			projectRoot = "";
			targets = (
				23A69D9E211C3CB6002729F0 /* SQLiteBugOfUnionAll */,
			);
		};
/* End PBXProject section */

/* Begin PBXReferenceProxy section */
		23A69DB0211C3D2C002729F0 /* sqlcipher.framework */ = {
			isa = PBXReferenceProxy;
			fileType = wrapper.framework;
			path = sqlcipher.framework;
			remoteRef = 23A69DAF211C3D2C002729F0 /* PBXContainerItemProxy */;
			sourceTree = BUILT_PRODUCTS_DIR;
		};
		23A69DB2211C3D2C002729F0 /* sqlcipher.framework */ = {
			isa = PBXReferenceProxy;
			fileType = wrapper.framework;
			path = sqlcipher.framework;
			remoteRef = 23A69DB1211C3D2C002729F0 /* PBXContainerItemProxy */;
			sourceTree = BUILT_PRODUCTS_DIR;
		};
/* End PBXReferenceProxy section */

/* Begin PBXSourcesBuildPhase section */
		23A69D9B211C3CB6002729F0 /* Sources */ = {
			isa = PBXSourcesBuildPhase;
			buildActionMask = 2147483647;
			files = (
				23A69DA3211C3CB6002729F0 /* main.m in Sources */,
			);
			runOnlyForDeploymentPostprocessing = 0;
		};
/* End PBXSourcesBuildPhase section */

/* Begin PBXTargetDependency section */
		23A69DB4211C3D32002729F0 /* PBXTargetDependency */ = {
			isa = PBXTargetDependency;
			name = sqlcipher;
			targetProxy = 23A69DB3211C3D32002729F0 /* PBXContainerItemProxy */;
		};
/* End PBXTargetDependency section */

/* Begin XCBuildConfiguration section */
		23A69DA4211C3CB6002729F0 /* Debug */ = {
			isa = XCBuildConfiguration;
			buildSettings = {
				ALWAYS_SEARCH_USER_PATHS = NO;
				CLANG_ANALYZER_NONNULL = YES;
				CLANG_ANALYZER_NUMBER_OBJECT_CONVERSION = YES_AGGRESSIVE;
				CLANG_CXX_LANGUAGE_STANDARD = "gnu++14";
				CLANG_CXX_LIBRARY = "libc++";
				CLANG_ENABLE_MODULES = YES;
				CLANG_ENABLE_OBJC_ARC = YES;
				CLANG_ENABLE_OBJC_WEAK = YES;
				CLANG_WARN_BLOCK_CAPTURE_AUTORELEASING = YES;
				CLANG_WARN_BOOL_CONVERSION = YES;
				CLANG_WARN_COMMA = YES;
				CLANG_WARN_CONSTANT_CONVERSION = YES;
				CLANG_WARN_DEPRECATED_OBJC_IMPLEMENTATIONS = YES;
				CLANG_WARN_DIRECT_OBJC_ISA_USAGE = YES_ERROR;
				CLANG_WARN_DOCUMENTATION_COMMENTS = YES;
				CLANG_WARN_EMPTY_BODY = YES;
				CLANG_WARN_ENUM_CONVERSION = YES;
				CLANG_WARN_INFINITE_RECURSION = YES;
				CLANG_WARN_INT_CONVERSION = YES;
				CLANG_WARN_NON_LITERAL_NULL_CONVERSION = YES;
				CLANG_WARN_OBJC_IMPLICIT_RETAIN_SELF = YES;
				CLANG_WARN_OBJC_LITERAL_CONVERSION = YES;
				CLANG_WARN_OBJC_ROOT_CLASS = YES_ERROR;
				CLANG_WARN_RANGE_LOOP_ANALYSIS = YES;
				CLANG_WARN_STRICT_PROTOTYPES = YES;
				CLANG_WARN_SUSPICIOUS_MOVE = YES;
				CLANG_WARN_UNGUARDED_AVAILABILITY = YES_AGGRESSIVE;
				CLANG_WARN_UNREACHABLE_CODE = YES;
				CLANG_WARN__DUPLICATE_METHOD_MATCH = YES;
				CODE_SIGN_IDENTITY = "-";
				COPY_PHASE_STRIP = NO;
				DEBUG_INFORMATION_FORMAT = dwarf;
				ENABLE_STRICT_OBJC_MSGSEND = YES;
				ENABLE_TESTABILITY = YES;
				GCC_C_LANGUAGE_STANDARD = gnu11;
				GCC_DYNAMIC_NO_PIC = NO;
				GCC_NO_COMMON_BLOCKS = YES;
				GCC_OPTIMIZATION_LEVEL = 0;
				GCC_PREPROCESSOR_DEFINITIONS = (
					"DEBUG=1",
					"$(inherited)",
				);
				GCC_WARN_64_TO_32_BIT_CONVERSION = YES;
				GCC_WARN_ABOUT_RETURN_TYPE = YES_ERROR;
				GCC_WARN_UNDECLARED_SELECTOR = YES;
				GCC_WARN_UNINITIALIZED_AUTOS = YES_AGGRESSIVE;
				GCC_WARN_UNUSED_FUNCTION = YES;
				GCC_WARN_UNUSED_VARIABLE = YES;
				MACOSX_DEPLOYMENT_TARGET = 10.13;
				MTL_ENABLE_DEBUG_INFO = YES;
				ONLY_ACTIVE_ARCH = YES;
				SDKROOT = macosx;
			};
			name = Debug;
		};
		23A69DA5211C3CB6002729F0 /* Release */ = {
			isa = XCBuildConfiguration;
			buildSettings = {
				ALWAYS_SEARCH_USER_PATHS = NO;
				CLANG_ANALYZER_NONNULL = YES;
				CLANG_ANALYZER_NUMBER_OBJECT_CONVERSION = YES_AGGRESSIVE;
				CLANG_CXX_LANGUAGE_STANDARD = "gnu++14";
				CLANG_CXX_LIBRARY = "libc++";
				CLANG_ENABLE_MODULES = YES;
				CLANG_ENABLE_OBJC_ARC = YES;
				CLANG_ENABLE_OBJC_WEAK = YES;
				CLANG_WARN_BLOCK_CAPTURE_AUTORELEASING = YES;
				CLANG_WARN_BOOL_CONVERSION = YES;
				CLANG_WARN_COMMA = YES;
				CLANG_WARN_CONSTANT_CONVERSION = YES;
				CLANG_WARN_DEPRECATED_OBJC_IMPLEMENTATIONS = YES;
				CLANG_WARN_DIRECT_OBJC_ISA_USAGE = YES_ERROR;
				CLANG_WARN_DOCUMENTATION_COMMENTS = YES;
				CLANG_WARN_EMPTY_BODY = YES;
				CLANG_WARN_ENUM_CONVERSION = YES;
				CLANG_WARN_INFINITE_RECURSION = YES;
				CLANG_WARN_INT_CONVERSION = YES;
				CLANG_WARN_NON_LITERAL_NULL_CONVERSION = YES;
				CLANG_WARN_OBJC_IMPLICIT_RETAIN_SELF = YES;
				CLANG_WARN_OBJC_LITERAL_CONVERSION = YES;
				CLANG_WARN_OBJC_ROOT_CLASS = YES_ERROR;
				CLANG_WARN_RANGE_LOOP_ANALYSIS = YES;
				CLANG_WARN_STRICT_PROTOTYPES = YES;
				CLANG_WARN_SUSPICIOUS_MOVE = YES;
				CLANG_WARN_UNGUARDED_AVAILABILITY = YES_AGGRESSIVE;
				CLANG_WARN_UNREACHABLE_CODE = YES;
				CLANG_WARN__DUPLICATE_METHOD_MATCH = YES;
				CODE_SIGN_IDENTITY = "-";
				COPY_PHASE_STRIP = NO;
				DEBUG_INFORMATION_FORMAT = "dwarf-with-dsym";
				ENABLE_NS_ASSERTIONS = NO;
				ENABLE_STRICT_OBJC_MSGSEND = YES;
				GCC_C_LANGUAGE_STANDARD = gnu11;
				GCC_NO_COMMON_BLOCKS = YES;
				GCC_WARN_64_TO_32_BIT_CONVERSION = YES;
				GCC_WARN_ABOUT_RETURN_TYPE = YES_ERROR;
				GCC_WARN_UNDECLARED_SELECTOR = YES;
				GCC_WARN_UNINITIALIZED_AUTOS = YES_AGGRESSIVE;
				GCC_WARN_UNUSED_FUNCTION = YES;
				GCC_WARN_UNUSED_VARIABLE = YES;
				MACOSX_DEPLOYMENT_TARGET = 10.13;
				MTL_ENABLE_DEBUG_INFO = NO;
				SDKROOT = macosx;
			};
			name = Release;
		};
		23A69DA7211C3CB6002729F0 /* Debug */ = {
			isa = XCBuildConfiguration;
			buildSettings = {
				CODE_SIGN_STYLE = Automatic;
				PRODUCT_NAME = "$(TARGET_NAME)";
			};
			name = Debug;
		};
		23A69DA8211C3CB6002729F0 /* Release */ = {
			isa = XCBuildConfiguration;
			buildSettings = {
				CODE_SIGN_STYLE = Automatic;
				PRODUCT_NAME = "$(TARGET_NAME)";
			};
			name = Release;
		};
/* End XCBuildConfiguration section */

/* Begin XCConfigurationList section */
		23A69D9A211C3CB6002729F0 /* Build configuration list for PBXProject "SQLiteBugOfUnionAll" */ = {
			isa = XCConfigurationList;
			buildConfigurations = (
				23A69DA4211C3CB6002729F0 /* Debug */,
				23A69DA5211C3CB6002729F0 /* Release */,
			);
			defaultConfigurationIsVisible = 0;
			defaultConfigurationName = Release;
		};
		23A69DA6211C3CB6002729F0 /* Build configuration list for PBXNativeTarget "SQLiteBugOfUnionAll" */ = {
			isa = XCConfigurationList;
			buildConfigurations = (
				23A69DA7211C3CB6002729F0 /* Debug */,
				23A69DA8211C3CB6002729F0 /* Release */,
			);
			defaultConfigurationIsVisible = 0;
			defaultConfigurationName = Release;
		};
/* End XCConfigurationList section */
	};
	rootObject = 23A69D97211C3CB6002729F0 /* Project object */;
}
